{
  "projects": [
    {
      "projectId": "jkU633o1Cz7HrJdwdxhVHk",
      "version": "16.13.0",
      "dependencies": {},
      "lang": "ts",
      "fileLocks": [
        {
          "assetId": "jkU633o1Cz7HrJdwdxhVHk",
          "type": "projectCss",
          "checksum": "cf57d229ecea50678d9d8d3bc0e3dd9b"
        }
      ],
      "codegenVersion": "0.0.1"
    },
    {
      "projectId": "ohDidvG9XsCeFumugENU3J",
      "version": "6.28.0",
      "dependencies": {},
      "lang": "ts",
      "fileLocks": [
        {
          "assetId": "ohDidvG9XsCeFumugENU3J",
          "checksum": "de0a0e65174a6a185a8f822af51c6bdd",
          "type": "globalContexts"
        },
        {
          "assetId": "ohDidvG9XsCeFumugENU3J",
          "type": "projectCss",
          "checksum": "ba2a60a163fca4f4d510275088a2be53"
        }
      ],
      "codegenVersion": "0.0.1"
    },
    {
      "projectId": "58GpZjZCWTaJ8AUhpCwt2K",
      "version": "3.28.0",
      "dependencies": {},
      "lang": "ts",
      "fileLocks": [
        {
          "assetId": "58GpZjZCWTaJ8AUhpCwt2K",
          "type": "projectCss",
          "checksum": "f0469e206244772473ab64f50be898f9"
        }
      ],
      "codegenVersion": "0.0.1"
    },
    {
      "projectId": "7nJ7UcFmq9UzB6eXfC5z4a",
      "version": "0.31.0",
      "dependencies": {},
      "lang": "ts",
      "fileLocks": [
        {
          "assetId": "7nJ7UcFmq9UzB6eXfC5z4a",
          "type": "projectCss",
          "checksum": "01e8cee5b9ce00fbc93f494c2a40dbf1"
        }
      ],
      "codegenVersion": "0.0.1"
    },
    {
      "projectId": "caTPwKxj5ZrD9LQ7DMdK4Z",
      "version": "3.40.0",
      "dependencies": {},
      "lang": "ts",
      "fileLocks": [
        {
          "assetId": "caTPwKxj5ZrD9LQ7DMdK4Z",
          "type": "projectCss",
          "checksum": "1c02168c6b23256606111fdfdbb63549"
        }
      ],
      "codegenVersion": "0.0.1"
    },
    {
      "projectId": "dJqK6LEBeKixAKagJBAmzL",
      "version": "latest",
      "dependencies": {
        "caTPwKxj5ZrD9LQ7DMdK4Z": "3.40.0",
        "7nJ7UcFmq9UzB6eXfC5z4a": "0.31.0",
        "58GpZjZCWTaJ8AUhpCwt2K": "3.28.0",
        "ohDidvG9XsCeFumugENU3J": "6.28.0",
        "jkU633o1Cz7HrJdwdxhVHk": "16.13.0"
      },
      "lang": "ts",
      "fileLocks": [
        {
          "type": "globalVariant",
          "assetId": "vWLFN14Jm89IN",
          "checksum": "1df7a498624d6363cb10aac89a4d31ef"
        },
        {
          "assetId": "dJqK6LEBeKixAKagJBAmzL",
          "checksum": "9fc0b35882065378c712ada92153b4cf",
          "type": "globalContexts"
        },
        {
          "type": "renderModule",
          "assetId": "S-EPZS57Iq32",
          "checksum": "ac696258eed854a4af91c1c98f4615c3"
        },
        {
          "type": "cssRules",
          "assetId": "S-EPZS57Iq32",
          "checksum": "ac696258eed854a4af91c1c98f4615c3"
        },
        {
          "type": "renderModule",
          "assetId": "R7FQakg198I",
          "checksum": "faaffef682a35587ff206e51c63537c8"
        },
        {
          "type": "cssRules",
          "assetId": "R7FQakg198I",
          "checksum": "faaffef682a35587ff206e51c63537c8"
        },
        {
          "type": "renderModule",
          "assetId": "ThJz7UjPOLc",
          "checksum": "364b66a90d8e82c7d6462d0413ce9d51"
        },
        {
          "type": "cssRules",
          "assetId": "ThJz7UjPOLc",
          "checksum": "364b66a90d8e82c7d6462d0413ce9d51"
        },
        {
          "type": "renderModule",
          "assetId": "l7JCXcEFvGg",
          "checksum": "850775ae29f66f4e95406f3e74c316c3"
        },
        {
          "type": "cssRules",
          "assetId": "l7JCXcEFvGg",
          "checksum": "850775ae29f66f4e95406f3e74c316c3"
        },
        {
          "type": "renderModule",
          "assetId": "DybXCSmk6J",
          "checksum": "5fefca39b8ea16b66f8d746f1ef50b02"
        },
        {
          "type": "cssRules",
          "assetId": "DybXCSmk6J",
          "checksum": "5fefca39b8ea16b66f8d746f1ef50b02"
        },
        {
          "type": "icon",
          "assetId": "WhOp2OsiY-D",
          "checksum": "5f4d4ca4a9a8be6f2f313373763d5430"
        },
        {
          "type": "icon",
          "assetId": "g3M_pomcN7I",
          "checksum": "2fa5cb7f348327bae553b5bc405508d0"
        },
        {
          "type": "icon",
          "assetId": "4gS4A9ceiGe",
          "checksum": "2ca8dcb159efb8ed6cd41cb80adeb3fe"
        },
        {
          "type": "icon",
          "assetId": "XTdEHy648t",
          "checksum": "86c0b68f4836b05f6d3f3464b77ea598"
        },
        {
          "type": "icon",
          "assetId": "3wjTpps_Fo",
          "checksum": "6e56b6be0f7f5c4697e0702e01e94d9f"
        },
        {
          "type": "icon",
          "assetId": "IYcwKk4Nul",
          "checksum": "be04462f849a96a13c0d794776678f50"
        },
        {
          "type": "icon",
          "assetId": "V54Kju9r17",
          "checksum": "0a3f9a02eb8c9deb386232b14f74d183"
        },
        {
          "type": "icon",
          "assetId": "lDkdlle9aD",
          "checksum": "2fa509f29b578e13fb6285466a16b1d3"
        },
        {
          "type": "icon",
          "assetId": "iDs7aDQs7T",
          "checksum": "0e1181524d0244439336a3878d8f185a"
        },
        {
          "type": "icon",
          "assetId": "ljio8ldcWK",
          "checksum": "8d2c7707e5d66099bf38884c0c0f3a70"
        },
        {
          "type": "icon",
          "assetId": "fM-swEdfd",
          "checksum": "0cbea49f6a186d0fabce5aa6e78b2020"
        },
        {
          "type": "icon",
          "assetId": "LrHf95StvA",
          "checksum": "464965e05039d88dcd003cc360060e3e"
        },
        {
          "type": "icon",
          "assetId": "n_1Fj4QpLk",
          "checksum": "2fc0ddb35e0bf149fe622608cac98336"
        },
        {
          "type": "icon",
          "assetId": "iOHy_awmyz",
          "checksum": "d8cb0bcf71cf4e237c54212e61c39807"
        },
        {
          "type": "icon",
          "assetId": "ZLscOeex6V",
          "checksum": "7216ef10c8aeccc09b251c337b4a496e"
        },
        {
          "type": "image",
          "assetId": "2cYJbruSqWoj",
          "checksum": "ab424325eeff2a55b69b20373162fdfd"
        },
        {
          "type": "image",
          "assetId": "wSilGcjgL",
          "checksum": "10839121b6f296e00715992a885f52cd"
        },
        {
          "type": "image",
          "assetId": "mtbPUlf8h",
          "checksum": "bd2f014617bf5f316fea6e77f8bd2dd4"
        },
        {
          "type": "image",
          "assetId": "9kj8jg8UD",
          "checksum": "c92c89e1f33717bc7a83ddf71118db7b"
        },
        {
          "type": "image",
          "assetId": "f2jHqjrcR",
          "checksum": "d33b84b7a00b035287d072657cc291a7"
        },
        {
          "type": "image",
          "assetId": "q5dmBnpIq",
          "checksum": "d89807b917273a725dbf1b40345bd93b"
        },
        {
          "type": "image",
          "assetId": "vbHVvKtuH",
          "checksum": "e47750c9b1ecbf2fbd71501b40e21384"
        },
        {
          "type": "image",
          "assetId": "ZGHhE6bzy",
          "checksum": "261a611a340ba250bf2c14eb26ffbef7"
        },
        {
          "type": "image",
          "assetId": "IRUc9KI0r",
          "checksum": "74b8500c8615669295e6771f5fd33a0a"
        },
        {
          "type": "image",
          "assetId": "2ubSOhicI",
          "checksum": "ef6577b3564630eaf1e7fc380c16aa2f"
        },
        {
          "type": "image",
          "assetId": "wMQhbYXMX",
          "checksum": "a137443d74f57df763ab7b014dab0c0f"
        },
        {
          "type": "image",
          "assetId": "-A2jRWU8Q",
          "checksum": "ac6e749c03c8622c3e0b31f1eb5d151d"
        },
        {
          "type": "image",
          "assetId": "1Bws4u9W1",
          "checksum": "bdf91311bf9cdbef3354fe1fff6ae96b"
        },
        {
          "type": "image",
          "assetId": "4yCu3sITc",
          "checksum": "4fafa1cefe47beab359b1b5e0590537a"
        },
        {
          "type": "image",
          "assetId": "foubGjpRS",
          "checksum": "15350742a1fc38ab1278ba5d588e3870"
        },
        {
          "type": "image",
          "assetId": "m1HaaOFVf",
          "checksum": "8ebdbe7a1bfdffc9b368a85bd2e62a25"
        },
        {
          "type": "image",
          "assetId": "Ds-L1-b1m",
          "checksum": "41284379f007adda3b52c3dc9b8f9539"
        },
        {
          "type": "image",
          "assetId": "ldvU_ySSA",
          "checksum": "9eb6884d5c88da079cf9df04f464a524"
        },
        {
          "type": "image",
          "assetId": "uFxuyTPQo",
          "checksum": "47966fd5e2ffba2dbeda7d7324f66187"
        },
        {
          "type": "image",
          "assetId": "G1bBrUHxZMTi",
          "checksum": "e9a25c913935b85051d75d85edb48f8e"
        },
        {
          "type": "image",
          "assetId": "ooXZ7l3QalsI",
          "checksum": "fa41aec0b6d8a0f05fdea03068ba4bbe"
        },
        {
          "type": "image",
          "assetId": "RsURDTnlAKpH",
          "checksum": "583bf0b4e19d24d091459f9211104288"
        },
        {
          "type": "image",
          "assetId": "yZ3V2D4tyuFl",
          "checksum": "ffa0d06865b0d4d17e6cc35131ecc657"
        },
        {
          "type": "image",
          "assetId": "pr5uAPnabNYH",
          "checksum": "229b8df023f04baa206ee5efb7e62188"
        },
        {
          "assetId": "dJqK6LEBeKixAKagJBAmzL",
          "type": "projectCss",
          "checksum": "b833f511936746b82199542accf09906"
        }
      ],
      "codegenVersion": "0.0.1"
    }
  ],
  "cliVersion": "0.1.324"
}
